
Microsoft Visual Studio Solution File, Format Version 12.00
# Visual Studio Version 17
VisualStudioVersion = 17.3.32825.248
MinimumVisualStudioVersion = 10.0.40219.1
Project("{FAE04EC0-301F-11D3-BF4B-00C04F79EFBC}") = "LineComparision", "LineComparision\LineComparision.csproj", "{119EA12E-D000-4BA4-9A79-E73CDC34BE04}"
EndProject
Global
	GlobalSection(SolutionConfigurationPlatforms) = preSolution
		Debug|Any CPU = Debug|Any CPU
		Release|Any CPU = Release|Any CPU
	EndGlobalSection
	GlobalSection(ProjectConfigurationPlatforms) = postSolution
		{119EA12E-D000-4BA4-9A79-E73CDC34BE04}.Debug|Any CPU.ActiveCfg = Debug|Any CPU
		{119EA12E-D000-4BA4-9A79-E73CDC34BE04}.Debug|Any CPU.Build.0 = Debug|Any CPU
		{119EA12E-D000-4BA4-9A79-E73CDC34BE04}.Release|Any CPU.ActiveCfg = Release|Any CPU
		{119EA12E-D000-4BA4-9A79-E73CDC34BE04}.Release|Any CPU.Build.0 = Release|Any CPU
	EndGlobalSection
	GlobalSection(SolutionProperties) = preSolution
		HideSolutionNode = FALSE
	EndGlobalSection
	GlobalSection(ExtensibilityGlobals) = postSolution
		SolutionGuid = {1CD31564-74E8-41A3-8139-94E14B7BEEC4}
	EndGlobalSection
EndGlobal
